// !$*UTF8*$!
{
	archiveVersion = 1;
	classes = {
	};
	objectVersion = 50;
	objects = {

/* Begin PBXBuildFile section */
		5C270AA4249E3A6C0069FC9D /* AppDelegate.swift in Sources */ = {isa = PBXBuildFile; fileRef = 5C270AA3249E3A6C0069FC9D /* AppDelegate.swift */; };
		5C270AA6249E3A6C0069FC9D /* SceneDelegate.swift in Sources */ = {isa = PBXBuildFile; fileRef = 5C270AA5249E3A6C0069FC9D /* SceneDelegate.swift */; };
		5C270AA8249E3A6C0069FC9D /* ViewController.swift in Sources */ = {isa = PBXBuildFile; fileRef = 5C270AA7249E3A6C0069FC9D /* ViewController.swift */; };
		5C270AAB249E3A6C0069FC9D /* Main.storyboard in Resources */ = {isa = PBXBuildFile; fileRef = 5C270AA9249E3A6C0069FC9D /* Main.storyboard */; };
		5C270AAD249E3A6D0069FC9D /* Assets.xcassets in Resources */ = {isa = PBXBuildFile; fileRef = 5C270AAC249E3A6D0069FC9D /* Assets.xcassets */; };
		5C270AB0249E3A6D0069FC9D /* LaunchScreen.storyboard in Resources */ = {isa = PBXBuildFile; fileRef = 5C270AAE249E3A6D0069FC9D /* LaunchScreen.storyboard */; };
/* End PBXBuildFile section */

/* Begin PBXFileReference section */
		5C270AA0249E3A6C0069FC9D /* BLEInBackground.app */ = {isa = PBXFileReference; explicitFileType = wrapper.application; includeInIndex = 0; path = BLEInBackground.app; sourceTree = BUILT_PRODUCTS_DIR; };
		5C270AA3249E3A6C0069FC9D /* AppDelegate.swift */ = {isa = PBXFileReference; lastKnownFileType = sourcecode.swift; path = AppDelegate.swift; sourceTree = "<group>"; };
		5C270AA5249E3A6C0069FC9D /* SceneDelegate.swift */ = {isa = PBXFileReference; lastKnownFileType = sourcecode.swift; path = SceneDelegate.swift; sourceTree = "<group>"; };
		5C270AA7249E3A6C0069FC9D /* ViewController.swift */ = {isa = PBXFileReference; lastKnownFileType = sourcecode.swift; path = ViewController.swift; sourceTree = "<group>"; };
		5C270AAA249E3A6C0069FC9D /* Base */ = {isa = PBXFileReference; lastKnownFileType = file.storyboard; name = Base; path = Base.lproj/Main.storyboard; sourceTree = "<group>"; };
		5C270AAC249E3A6D0069FC9D /* Assets.xcassets */ = {isa = PBXFileReference; lastKnownFileType = folder.assetcatalog; path = Assets.xcassets; sourceTree = "<group>"; };
		5C270AAF249E3A6D0069FC9D /* Base */ = {isa = PBXFileReference; lastKnownFileType = file.storyboard; name = Base; path = Base.lproj/LaunchScreen.storyboard; sourceTree = "<group>"; };
		5C270AB1249E3A6D0069FC9D /* Info.plist */ = {isa = PBXFileReference; lastKnownFileType = text.plist.xml; path = Info.plist; sourceTree = "<group>"; };
/* End PBXFileReference section */

/* Begin PBXFrameworksBuildPhase section */
		5C270A9D249E3A6C0069FC9D /* Frameworks */ = {
			isa = PBXFrameworksBuildPhase;
			buildActionMask = 2147483647;
			files = (
			);
			runOnlyForDeploymentPostprocessing = 0;
		};
/* End PBXFrameworksBuildPhase section */

/* Begin PBXGroup section */
		5C270A97249E3A6C0069FC9D = {
			isa = PBXGroup;
			children = (
				5C270AA2249E3A6C0069FC9D /* BLEInBackground */,
				5C270AA1249E3A6C0069FC9D /* Products */,
			);
			sourceTree = "<group>";
		};
		5C270AA1249E3A6C0069FC9D /* Products */ = {
			isa = PBXGroup;
			children = (
				5C270AA0249E3A6C0069FC9D /* BLEInBackground.app */,
			);
			name = Products;
			sourceTree = "<group>";
		};
		5C270AA2249E3A6C0069FC9D /* BLEInBackground */ = {
			isa = PBXGroup;
			children = (
				5C270AA3249E3A6C0069FC9D /* AppDelegate.swift */,
				5C270AA5249E3A6C0069FC9D /* SceneDelegate.swift */,
				5C270AA7249E3A6C0069FC9D /* ViewController.swift */,
				5C270AA9249E3A6C0069FC9D /* Main.storyboard */,
				5C270AAC249E3A6D0069FC9D /* Assets.xcassets */,
				5C270AAE249E3A6D0069FC9D /* LaunchScreen.storyboard */,
				5C270AB1249E3A6D0069FC9D /* Info.plist */,
			);
			path = BLEInBackground;
			sourceTree = "<group>";
		};
/* End PBXGroup section */

/* Begin PBXNativeTarget section */
		5C270A9F249E3A6C0069FC9D /* BLEInBackground */ = {
			isa = PBXNativeTarget;
			buildConfigurationList = 5C270AB4249E3A6D0069FC9D /* Build configuration list for PBXNativeTarget "BLEInBackground" */;
			buildPhases = (
				5C270A9C249E3A6C0069FC9D /* Sources */,
				5C270A9D249E3A6C0069FC9D /* Frameworks */,
				5C270A9E249E3A6C0069FC9D /* Resources */,
			);
			buildRules = (
			);
			dependencies = (
			);
			name = BLEInBackground;
			productName = BLEInBackground;
			productReference = 5C270AA0249E3A6C0069FC9D /* BLEInBackground.app */;
			productType = "com.apple.product-type.application";
		};
/* End PBXNativeTarget section */

/* Begin PBXProject section */
		5C270A98249E3A6C0069FC9D /* Project object */ = {
			isa = PBXProject;
			attributes = {
				LastSwiftUpdateCheck = 1130;
				LastUpgradeCheck = 1130;
				ORGANIZATIONNAME = "lekhnish jha";
				TargetAttributes = {
					5C270A9F249E3A6C0069FC9D = {
						CreatedOnToolsVersion = 11.3;
					};
				};
			};
			buildConfigurationList = 5C270A9B249E3A6C0069FC9D /* Build configuration list for PBXProject "BLEInBackground" */;
			compatibilityVersion = "Xcode 9.3";
			developmentRegion = en;
			hasScannedForEncodings = 0;
			knownRegions = (
				en,
				Base,
			);
			mainGroup = 5C270A97249E3A6C0069FC9D;
			productRefGroup = 5C270AA1249E3A6C0069FC9D /* Products */;
			projectDirPath = "";
			projectRoot = "";
			targets = (
				5C270A9F249E3A6C0069FC9D /* BLEInBackground */,
			);
		};
/* End PBXProject section */

/* Begin PBXResourcesBuildPhase section */
		5C270A9E249E3A6C0069FC9D /* Resources */ = {
			isa = PBXResourcesBuildPhase;
			buildActionMask = 2147483647;
			files = (
				5C270AB0249E3A6D0069FC9D /* LaunchScreen.storyboard in Resources */,
				5C270AAD249E3A6D0069FC9D /* Assets.xcassets in Resources */,
				5C270AAB249E3A6C0069FC9D /* Main.storyboard in Resources */,
			);
			runOnlyForDeploymentPostprocessing = 0;
		};
/* End PBXResourcesBuildPhase section */

/* Begin PBXSourcesBuildPhase section */
		5C270A9C249E3A6C0069FC9D /* Sources */ = {
			isa = PBXSourcesBuildPhase;
			buildActionMask = 2147483647;
			files = (
				5C270AA8249E3A6C0069FC9D /* ViewController.swift in Sources */,
				5C270AA4249E3A6C0069FC9D /* AppDelegate.swift in Sources */,
				5C270AA6249E3A6C0069FC9D /* SceneDelegate.swift in Sources */,
			);
			runOnlyForDeploymentPostprocessing = 0;
		};
/* End PBXSourcesBuildPhase section */

/* Begin PBXVariantGroup section */
		5C270AA9249E3A6C0069FC9D /* Main.storyboard */ = {
			isa = PBXVariantGroup;
			children = (
				5C270AAA249E3A6C0069FC9D /* Base */,
			);
			name = Main.storyboard;
			sourceTree = "<group>";
		};
		5C270AAE249E3A6D0069FC9D /* LaunchScreen.storyboard */ = {
			isa = PBXVariantGroup;
			children = (
				5C270AAF249E3A6D0069FC9D /* Base */,
			);
			name = LaunchScreen.storyboard;
			sourceTree = "<group>";
		};
/* End PBXVariantGroup section */

/* Begin XCBuildConfiguration section */
		5C270AB2249E3A6D0069FC9D /* Debug */ = {
			isa = XCBuildConfiguration;
			buildSettings = {
				ALWAYS_SEARCH_USER_PATHS = NO;
				CLANG_ANALYZER_NONNULL = YES;
				CLANG_ANALYZER_NUMBER_OBJECT_CONVERSION = YES_AGGRESSIVE;
				CLANG_CXX_LANGUAGE_STANDARD = "gnu++14";
				CLANG_CXX_LIBRARY = "libc++";
				CLANG_ENABLE_MODULES = YES;
				CLANG_ENABLE_OBJC_ARC = YES;
				CLANG_ENABLE_OBJC_WEAK = YES;
				CLANG_WARN_BLOCK_CAPTURE_AUTORELEASING = YES;
				CLANG_WARN_BOOL_CONVERSION = YES;
				CLANG_WARN_COMMA = YES;
				CLANG_WARN_CONSTANT_CONVERSION = YES;
				CLANG_WARN_DEPRECATED_OBJC_IMPLEMENTATIONS = YES;
				CLANG_WARN_DIRECT_OBJC_ISA_USAGE = YES_ERROR;
				CLANG_WARN_DOCUMENTATION_COMMENTS = YES;
				CLANG_WARN_EMPTY_BODY = YES;
				CLANG_WARN_ENUM_CONVERSION = YES;
				CLANG_WARN_INFINITE_RECURSION = YES;
				CLANG_WARN_INT_CONVERSION = YES;
				CLANG_WARN_NON_LITERAL_NULL_CONVERSION = YES;
				CLANG_WARN_OBJC_IMPLICIT_RETAIN_SELF = YES;
				CLANG_WARN_OBJC_LITERAL_CONVERSION = YES;
				CLANG_WARN_OBJC_ROOT_CLASS = YES_ERROR;
				CLANG_WARN_RANGE_LOOP_ANALYSIS = YES;
				CLANG_WARN_STRICT_PROTOTYPES = YES;
				CLANG_WARN_SUSPICIOUS_MOVE = YES;
				CLANG_WARN_UNGUARDED_AVAILABILITY = YES_AGGRESSIVE;
				CLANG_WARN_UNREACHABLE_CODE = YES;
				CLANG_WARN__DUPLICATE_METHOD_MATCH = YES;
				COPY_PHASE_STRIP = NO;
				DEBUG_INFORMATION_FORMAT = dwarf;
				ENABLE_STRICT_OBJC_MSGSEND = YES;
				ENABLE_TESTABILITY = YES;
				GCC_C_LANGUAGE_STANDARD = gnu11;
				GCC_DYNAMIC_NO_PIC = NO;
				GCC_NO_COMMON_BLOCKS = YES;
				GCC_OPTIMIZATION_LEVEL = 0;
				GCC_PREPROCESSOR_DEFINITIONS = (
					"DEBUG=1",
					"$(inherited)",
				);
				GCC_WARN_64_TO_32_BIT_CONVERSION = YES;
				GCC_WARN_ABOUT_RETURN_TYPE = YES_ERROR;
				GCC_WARN_UNDECLARED_SELECTOR = YES;
				GCC_WARN_UNINITIALIZED_AUTOS = YES_AGGRESSIVE;
				GCC_WARN_UNUSED_FUNCTION = YES;
				GCC_WARN_UNUSED_VARIABLE = YES;
				IPHONEOS_DEPLOYMENT_TARGET = 13.2;
				MTL_ENABLE_DEBUG_INFO = INCLUDE_SOURCE;
				MTL_FAST_MATH = YES;
				ONLY_ACTIVE_ARCH = YES;
				SDKROOT = iphoneos;
				SWIFT_ACTIVE_COMPILATION_CONDITIONS = DEBUG;
				SWIFT_OPTIMIZATION_LEVEL = "-Onone";
			};
			name = Debug;
		};
		5C270AB3249E3A6D0069FC9D /* Release */ = {
			isa = XCBuildConfiguration;
			buildSettings = {
				ALWAYS_SEARCH_USER_PATHS = NO;
				CLANG_ANALYZER_NONNULL = YES;
				CLANG_ANALYZER_NUMBER_OBJECT_CONVERSION = YES_AGGRESSIVE;
				CLANG_CXX_LANGUAGE_STANDARD = "gnu++14";
				CLANG_CXX_LIBRARY = "libc++";
				CLANG_ENABLE_MODULES = YES;
				CLANG_ENABLE_OBJC_ARC = YES;
				CLANG_ENABLE_OBJC_WEAK = YES;
				CLANG_WARN_BLOCK_CAPTURE_AUTORELEASING = YES;
				CLANG_WARN_BOOL_CONVERSION = YES;
				CLANG_WARN_COMMA = YES;
				CLANG_WARN_CONSTANT_CONVERSION = YES;
				CLANG_WARN_DEPRECATED_OBJC_IMPLEMENTATIONS = YES;
				CLANG_WARN_DIRECT_OBJC_ISA_USAGE = YES_ERROR;
				CLANG_WARN_DOCUMENTATION_COMMENTS = YES;
				CLANG_WARN_EMPTY_BODY = YES;
				CLANG_WARN_ENUM_CONVERSION = YES;
				CLANG_WARN_INFINITE_RECURSION = YES;
				CLANG_WARN_INT_CONVERSION = YES;
				CLANG_WARN_NON_LITERAL_NULL_CONVERSION = YES;
				CLANG_WARN_OBJC_IMPLICIT_RETAIN_SELF = YES;
				CLANG_WARN_OBJC_LITERAL_CONVERSION = YES;
				CLANG_WARN_OBJC_ROOT_CLASS = YES_ERROR;
				CLANG_WARN_RANGE_LOOP_ANALYSIS = YES;
				CLANG_WARN_STRICT_PROTOTYPES = YES;
				CLANG_WARN_SUSPICIOUS_MOVE = YES;
				CLANG_WARN_UNGUARDED_AVAILABILITY = YES_AGGRESSIVE;
				CLANG_WARN_UNREACHABLE_CODE = YES;
				CLANG_WARN__DUPLICATE_METHOD_MATCH = YES;
				COPY_PHASE_STRIP = NO;
				DEBUG_INFORMATION_FORMAT = "dwarf-with-dsym";
				ENABLE_NS_ASSERTIONS = NO;
				ENABLE_STRICT_OBJC_MSGSEND = YES;
				GCC_C_LANGUAGE_STANDARD = gnu11;
				GCC_NO_COMMON_BLOCKS = YES;
				GCC_WARN_64_TO_32_BIT_CONVERSION = YES;
				GCC_WARN_ABOUT_RETURN_TYPE = YES_ERROR;
				GCC_WARN_UNDECLARED_SELECTOR = YES;
				GCC_WARN_UNINITIALIZED_AUTOS = YES_AGGRESSIVE;
				GCC_WARN_UNUSED_FUNCTION = YES;
				GCC_WARN_UNUSED_VARIABLE = YES;
				IPHONEOS_DEPLOYMENT_TARGET = 13.2;
				MTL_ENABLE_DEBUG_INFO = NO;
				MTL_FAST_MATH = YES;
				SDKROOT = iphoneos;
				SWIFT_COMPILATION_MODE = wholemodule;
				SWIFT_OPTIMIZATION_LEVEL = "-O";
				VALIDATE_PRODUCT = YES;
			};
			name = Release;
		};
		5C270AB5249E3A6D0069FC9D /* Debug */ = {
			isa = XCBuildConfiguration;
			buildSettings = {
				ASSETCATALOG_COMPILER_APPICON_NAME = AppIcon;
				CODE_SIGN_STYLE = Automatic;
				DEVELOPMENT_TEAM = MFSR2E6RYH;
				INFOPLIST_FILE = BLEInBackground/Info.plist;
				LD_RUNPATH_SEARCH_PATHS = (
					"$(inherited)",
					"@executable_path/Frameworks",
				);
				PRODUCT_BUNDLE_IDENTIFIER = com.lekh.Rx.BLEInBackground;
				PRODUCT_NAME = "$(TARGET_NAME)";
				SWIFT_VERSION = 5.0;
				TARGETED_DEVICE_FAMILY = "1,2";
			};
			name = Debug;
		};
		5C270AB6249E3A6D0069FC9D /* Release */ = {
			isa = XCBuildConfiguration;
			buildSettings = {
				ASSETCATALOG_COMPILER_APPICON_NAME = AppIcon;
				CODE_SIGN_STYLE = Automatic;
				DEVELOPMENT_TEAM = MFSR2E6RYH;
				INFOPLIST_FILE = BLEInBackground/Info.plist;
				LD_RUNPATH_SEARCH_PATHS = (
					"$(inherited)",
					"@executable_path/Frameworks",
				);
				PRODUCT_BUNDLE_IDENTIFIER = com.lekh.Rx.BLEInBackground;
				PRODUCT_NAME = "$(TARGET_NAME)";
				SWIFT_VERSION = 5.0;
				TARGETED_DEVICE_FAMILY = "1,2";
			};
			name = Release;
		};
/* End XCBuildConfiguration section */

/* Begin XCConfigurationList section */
		5C270A9B249E3A6C0069FC9D /* Build configuration list for PBXProject "BLEInBackground" */ = {
			isa = XCConfigurationList;
			buildConfigurations = (
				5C270AB2249E3A6D0069FC9D /* Debug */,
				5C270AB3249E3A6D0069FC9D /* Release */,
			);
			defaultConfigurationIsVisible = 0;
			defaultConfigurationName = Release;
		};
		5C270AB4249E3A6D0069FC9D /* Build configuration list for PBXNativeTarget "BLEInBackground" */ = {
			isa = XCConfigurationList;
			buildConfigurations = (
				5C270AB5249E3A6D0069FC9D /* Debug */,
				5C270AB6249E3A6D0069FC9D /* Release */,
			);
			defaultConfigurationIsVisible = 0;
			defaultConfigurationName = Release;
		};
/* End XCConfigurationList section */
	};
	rootObject = 5C270A98249E3A6C0069FC9D /* Project object */;
}
